
Microsoft Visual Studio Solution File, Format Version 12.00
# Visual Studio Version 16
VisualStudioVersion = 16.0.29709.97
MinimumVisualStudioVersion = 10.0.40219.1
Project("{FAE04EC0-301F-11D3-BF4B-00C04F79EFBC}") = "pixels", "pixels\pixels.csproj", "{6AA39FA3-240D-474C-9A7C-9DB19FC47153}"
EndProject
Global
	GlobalSection(SolutionConfigurationPlatforms) = preSolution
		Debug|Any CPU = Debug|Any CPU
		Release|Any CPU = Release|Any CPU
	EndGlobalSection
	GlobalSection(ProjectConfigurationPlatforms) = postSolution
		{6AA39FA3-240D-474C-9A7C-9DB19FC47153}.Debug|Any CPU.ActiveCfg = Debug|Any CPU
		{6AA39FA3-240D-474C-9A7C-9DB19FC47153}.Debug|Any CPU.Build.0 = Debug|Any CPU
		{6AA39FA3-240D-474C-9A7C-9DB19FC47153}.Release|Any CPU.ActiveCfg = Release|Any CPU
		{6AA39FA3-240D-474C-9A7C-9DB19FC47153}.Release|Any CPU.Build.0 = Release|Any CPU
	EndGlobalSection
	GlobalSection(SolutionProperties) = preSolution
		HideSolutionNode = FALSE
	EndGlobalSection
	GlobalSection(ExtensibilityGlobals) = postSolution
		SolutionGuid = {591EBF15-B7F4-4C47-8BE9-F20B36DB854C}
	EndGlobalSection
EndGlobal
